
Microsoft Visual Studio Solution File, Format Version 12.00
# Visual Studio Version 16
VisualStudioVersion = 16.0.32106.194
MinimumVisualStudioVersion = 10.0.40219.1
Project("{9A19103F-16F7-4668-BE54-9A1E7A4F7556}") = "Entities", "Entities\Entities.csproj", "{7AF9FF1C-E0FC-4BA6-BA95-36F07AEA7A23}"
EndProject
Project("{9A19103F-16F7-4668-BE54-9A1E7A4F7556}") = "DataAccess", "DataAccess\DataAccess.csproj", "{32D8FEE5-A1C8-4F4C-AFB6-D161D7DC625B}"
EndProject
Project("{9A19103F-16F7-4668-BE54-9A1E7A4F7556}") = "Business", "Business\Business.csproj", "{065E5059-67A6-4C14-BC20-A7F01FFB2AC8}"
EndProject
Project("{9A19103F-16F7-4668-BE54-9A1E7A4F7556}") = "ConsoleUI", "ConsoleUI\ConsoleUI.csproj", "{64340CDE-FA71-43C8-9AA6-AFC3D6D965AF}"
EndProject
Project("{9A19103F-16F7-4668-BE54-9A1E7A4F7556}") = "Core", "Core\Core.csproj", "{1CDE7726-650C-4B67-94F2-601D8CE1E653}"
EndProject
Project("{FAE04EC0-301F-11D3-BF4B-00C04F79EFBC}") = "WebAPI", "WebAPI\WebAPI.csproj", "{858570E9-3525-414D-BF7A-27843F562040}"
EndProject
Global
	GlobalSection(SolutionConfigurationPlatforms) = preSolution
		Debug|Any CPU = Debug|Any CPU
		Release|Any CPU = Release|Any CPU
	EndGlobalSection
	GlobalSection(ProjectConfigurationPlatforms) = postSolution
		{7AF9FF1C-E0FC-4BA6-BA95-36F07AEA7A23}.Debug|Any CPU.ActiveCfg = Debug|Any CPU
		{7AF9FF1C-E0FC-4BA6-BA95-36F07AEA7A23}.Debug|Any CPU.Build.0 = Debug|Any CPU
		{7AF9FF1C-E0FC-4BA6-BA95-36F07AEA7A23}.Release|Any CPU.ActiveCfg = Release|Any CPU
		{7AF9FF1C-E0FC-4BA6-BA95-36F07AEA7A23}.Release|Any CPU.Build.0 = Release|Any CPU
		{32D8FEE5-A1C8-4F4C-AFB6-D161D7DC625B}.Debug|Any CPU.ActiveCfg = Debug|Any CPU
		{32D8FEE5-A1C8-4F4C-AFB6-D161D7DC625B}.Debug|Any CPU.Build.0 = Debug|Any CPU
		{32D8FEE5-A1C8-4F4C-AFB6-D161D7DC625B}.Release|Any CPU.ActiveCfg = Release|Any CPU
		{32D8FEE5-A1C8-4F4C-AFB6-D161D7DC625B}.Release|Any CPU.Build.0 = Release|Any CPU
		{065E5059-67A6-4C14-BC20-A7F01FFB2AC8}.Debug|Any CPU.ActiveCfg = Debug|Any CPU
		{065E5059-67A6-4C14-BC20-A7F01FFB2AC8}.Debug|Any CPU.Build.0 = Debug|Any CPU
		{065E5059-67A6-4C14-BC20-A7F01FFB2AC8}.Release|Any CPU.ActiveCfg = Release|Any CPU
		{065E5059-67A6-4C14-BC20-A7F01FFB2AC8}.Release|Any CPU.Build.0 = Release|Any CPU
		{64340CDE-FA71-43C8-9AA6-AFC3D6D965AF}.Debug|Any CPU.ActiveCfg = Debug|Any CPU
		{64340CDE-FA71-43C8-9AA6-AFC3D6D965AF}.Debug|Any CPU.Build.0 = Debug|Any CPU
		{64340CDE-FA71-43C8-9AA6-AFC3D6D965AF}.Release|Any CPU.ActiveCfg = Release|Any CPU
		{64340CDE-FA71-43C8-9AA6-AFC3D6D965AF}.Release|Any CPU.Build.0 = Release|Any CPU
		{1CDE7726-650C-4B67-94F2-601D8CE1E653}.Debug|Any CPU.ActiveCfg = Debug|Any CPU
		{1CDE7726-650C-4B67-94F2-601D8CE1E653}.Debug|Any CPU.Build.0 = Debug|Any CPU
		{1CDE7726-650C-4B67-94F2-601D8CE1E653}.Release|Any CPU.ActiveCfg = Release|Any CPU
		{1CDE7726-650C-4B67-94F2-601D8CE1E653}.Release|Any CPU.Build.0 = Release|Any CPU
		{858570E9-3525-414D-BF7A-27843F562040}.Debug|Any CPU.ActiveCfg = Debug|Any CPU
		{858570E9-3525-414D-BF7A-27843F562040}.Debug|Any CPU.Build.0 = Debug|Any CPU
		{858570E9-3525-414D-BF7A-27843F562040}.Release|Any CPU.ActiveCfg = Release|Any CPU
		{858570E9-3525-414D-BF7A-27843F562040}.Release|Any CPU.Build.0 = Release|Any CPU
	EndGlobalSection
	GlobalSection(SolutionProperties) = preSolution
		HideSolutionNode = FALSE
	EndGlobalSection
	GlobalSection(ExtensibilityGlobals) = postSolution
		SolutionGuid = {B3537973-3BD5-4F4F-AB65-4C42F5B00ECC}
	EndGlobalSection
EndGlobal
